
Microsoft Visual Studio Solution File, Format Version 12.00
# Visual Studio Version 17
VisualStudioVersion = 17.3.32901.215
MinimumVisualStudioVersion = 10.0.40219.1
Project("{FAE04EC0-301F-11D3-BF4B-00C04F79EFBC}") = "10-30NUMBER", "10-30NUMBER\10-30NUMBER.csproj", "{E36F4582-A626-4AD2-AFE3-7F21AA1BE678}"
EndProject
Global
	GlobalSection(SolutionConfigurationPlatforms) = preSolution
		Debug|Any CPU = Debug|Any CPU
		Release|Any CPU = Release|Any CPU
	EndGlobalSection
	GlobalSection(ProjectConfigurationPlatforms) = postSolution
		{E36F4582-A626-4AD2-AFE3-7F21AA1BE678}.Debug|Any CPU.ActiveCfg = Debug|Any CPU
		{E36F4582-A626-4AD2-AFE3-7F21AA1BE678}.Debug|Any CPU.Build.0 = Debug|Any CPU
		{E36F4582-A626-4AD2-AFE3-7F21AA1BE678}.Release|Any CPU.ActiveCfg = Release|Any CPU
		{E36F4582-A626-4AD2-AFE3-7F21AA1BE678}.Release|Any CPU.Build.0 = Release|Any CPU
	EndGlobalSection
	GlobalSection(SolutionProperties) = preSolution
		HideSolutionNode = FALSE
	EndGlobalSection
	GlobalSection(ExtensibilityGlobals) = postSolution
		SolutionGuid = {F1211084-64E2-45FB-9E62-9F1C0CF8E9A8}
	EndGlobalSection
EndGlobal
